
Microsoft Visual Studio Solution File, Format Version 12.00
# Visual Studio Version 17
VisualStudioVersion = 17.5.33424.131
MinimumVisualStudioVersion = 10.0.40219.1
Project("{2150E333-8FDC-42A3-9474-1A3956D46DE8}") = "Models", "Models", "{E3356DCD-68F3-481C-BCBD-2A62504CF706}"
EndProject
Project("{2150E333-8FDC-42A3-9474-1A3956D46DE8}") = "Tests", "Tests", "{2CF0B643-2F00-47E4-ACEA-40193A848F8C}"
EndProject
Project("{9A19103F-16F7-4668-BE54-9A1E7A4F7556}") = "DemoLight.WpfView", "DemoLight\DemoLight.WpfView.csproj", "{D3C80D87-E262-45DA-845B-585396B0B0DE}"
EndProject
Project("{9A19103F-16F7-4668-BE54-9A1E7A4F7556}") = "CaptchaModel", "Models\CaptchaModel\CaptchaModel.csproj", "{3C65BBD6-3449-42A3-9E8E-6D4F9D04BC19}"
EndProject
Project("{9A19103F-16F7-4668-BE54-9A1E7A4F7556}") = "DataModels", "Models\DataModels\DataModels.csproj", "{0950EC81-1804-4B1F-84AA-EB2FEFD42B57}"
EndProject
Project("{FAE04EC0-301F-11D3-BF4B-00C04F79EFBC}") = "DataContextTest", "Tests\DataContextTest\DataContextTest.csproj", "{26F43461-E1BD-4051-96C7-7938A37C7691}"
EndProject
Project("{FAE04EC0-301F-11D3-BF4B-00C04F79EFBC}") = "Parser", "Parser\Parser.csproj", "{EF18E364-0ED2-4FA9-8521-6D82FD570B18}"
EndProject
Global
	GlobalSection(SolutionConfigurationPlatforms) = preSolution
		Debug|Any CPU = Debug|Any CPU
		Release|Any CPU = Release|Any CPU
	EndGlobalSection
	GlobalSection(ProjectConfigurationPlatforms) = postSolution
		{D3C80D87-E262-45DA-845B-585396B0B0DE}.Debug|Any CPU.ActiveCfg = Debug|Any CPU
		{D3C80D87-E262-45DA-845B-585396B0B0DE}.Debug|Any CPU.Build.0 = Debug|Any CPU
		{D3C80D87-E262-45DA-845B-585396B0B0DE}.Release|Any CPU.ActiveCfg = Release|Any CPU
		{D3C80D87-E262-45DA-845B-585396B0B0DE}.Release|Any CPU.Build.0 = Release|Any CPU
		{3C65BBD6-3449-42A3-9E8E-6D4F9D04BC19}.Debug|Any CPU.ActiveCfg = Debug|Any CPU
		{3C65BBD6-3449-42A3-9E8E-6D4F9D04BC19}.Debug|Any CPU.Build.0 = Debug|Any CPU
		{3C65BBD6-3449-42A3-9E8E-6D4F9D04BC19}.Release|Any CPU.ActiveCfg = Release|Any CPU
		{3C65BBD6-3449-42A3-9E8E-6D4F9D04BC19}.Release|Any CPU.Build.0 = Release|Any CPU
		{0950EC81-1804-4B1F-84AA-EB2FEFD42B57}.Debug|Any CPU.ActiveCfg = Debug|Any CPU
		{0950EC81-1804-4B1F-84AA-EB2FEFD42B57}.Debug|Any CPU.Build.0 = Debug|Any CPU
		{0950EC81-1804-4B1F-84AA-EB2FEFD42B57}.Release|Any CPU.ActiveCfg = Release|Any CPU
		{0950EC81-1804-4B1F-84AA-EB2FEFD42B57}.Release|Any CPU.Build.0 = Release|Any CPU
		{26F43461-E1BD-4051-96C7-7938A37C7691}.Debug|Any CPU.ActiveCfg = Debug|Any CPU
		{26F43461-E1BD-4051-96C7-7938A37C7691}.Debug|Any CPU.Build.0 = Debug|Any CPU
		{26F43461-E1BD-4051-96C7-7938A37C7691}.Release|Any CPU.ActiveCfg = Release|Any CPU
		{26F43461-E1BD-4051-96C7-7938A37C7691}.Release|Any CPU.Build.0 = Release|Any CPU
		{EF18E364-0ED2-4FA9-8521-6D82FD570B18}.Debug|Any CPU.ActiveCfg = Debug|Any CPU
		{EF18E364-0ED2-4FA9-8521-6D82FD570B18}.Debug|Any CPU.Build.0 = Debug|Any CPU
		{EF18E364-0ED2-4FA9-8521-6D82FD570B18}.Release|Any CPU.ActiveCfg = Release|Any CPU
		{EF18E364-0ED2-4FA9-8521-6D82FD570B18}.Release|Any CPU.Build.0 = Release|Any CPU
	EndGlobalSection
	GlobalSection(SolutionProperties) = preSolution
		HideSolutionNode = FALSE
	EndGlobalSection
	GlobalSection(NestedProjects) = preSolution
		{3C65BBD6-3449-42A3-9E8E-6D4F9D04BC19} = {E3356DCD-68F3-481C-BCBD-2A62504CF706}
		{0950EC81-1804-4B1F-84AA-EB2FEFD42B57} = {E3356DCD-68F3-481C-BCBD-2A62504CF706}
		{26F43461-E1BD-4051-96C7-7938A37C7691} = {2CF0B643-2F00-47E4-ACEA-40193A848F8C}
	EndGlobalSection
	GlobalSection(ExtensibilityGlobals) = postSolution
		SolutionGuid = {8F41A050-C5E5-4A00-9343-77FF9E452608}
	EndGlobalSection
EndGlobal
