
Microsoft Visual Studio Solution File, Format Version 12.00
# Visual Studio Version 17
VisualStudioVersion = 17.5.33424.131
MinimumVisualStudioVersion = 10.0.40219.1
Project("{2150E333-8FDC-42A3-9474-1A3956D46DE8}") = "Models", "Models", "{E3356DCD-68F3-481C-BCBD-2A62504CF706}"
EndProject
Project("{2150E333-8FDC-42A3-9474-1A3956D46DE8}") = "Tests", "Tests", "{2CF0B643-2F00-47E4-ACEA-40193A848F8C}"
EndProject
Project("{9A19103F-16F7-4668-BE54-9A1E7A4F7556}") = "DemoLight.WpfView", "DemoLight\DemoLight.WpfView.csproj", "{D3C80D87-E262-45DA-845B-585396B0B0DE}"
EndProject
Project("{9A19103F-16F7-4668-BE54-9A1E7A4F7556}") = "CaptchaModel", "Models\CaptchaModel\CaptchaModel.csproj", "{3C65BBD6-3449-42A3-9E8E-6D4F9D04BC19}"
EndProject
Project("{9A19103F-16F7-4668-BE54-9A1E7A4F7556}") = "DataModels", "Models\DataModels\DataModels.csproj", "{0950EC81-1804-4B1F-84AA-EB2FEFD42B57}"
EndProject
Project("{2150E333-8FDC-42A3-9474-1A3956D46DE8}") = "3.1", "3.1", "{C336E3D6-6293-4AB2-A9F5-E488B3D22594}"
EndProject
Project("{2150E333-8FDC-42A3-9474-1A3956D46DE8}") = "Tests", "Tests", "{A18FBEEB-CC4B-456B-91EC-099A644243FF}"
EndProject
Project("{2150E333-8FDC-42A3-9474-1A3956D46DE8}") = "Models", "Models", "{96CAE133-1D7F-40DA-806D-A907BF327DFC}"
EndProject
Project("{9A19103F-16F7-4668-BE54-9A1E7A4F7556}") = "DataModels", "3.1\Models\DataModels\DataModels.csproj", "{68CBB43C-1747-4373-B5B5-0974CE024765}"
EndProject
Project("{9A19103F-16F7-4668-BE54-9A1E7A4F7556}") = "CaptchaModel", "3.1\Models\CaptchaModel\CaptchaModel.csproj", "{FE9D5CBF-12E0-48FB-9707-DBCB3D518086}"
EndProject
Project("{9A19103F-16F7-4668-BE54-9A1E7A4F7556}") = "DemoLight.WpfView", "3.1\DemoLight.WpfView\DemoLight.WpfView.csproj", "{954C83F5-0C5C-4B23-BC40-D32A0DB76714}"
EndProject
Project("{FAE04EC0-301F-11D3-BF4B-00C04F79EFBC}") = "CalcModel", "3.1\Models\CalcModel\CalcModel.csproj", "{A8722C95-A32D-4CC3-A2BD-638E7AA3BC2D}"
EndProject
Global
	GlobalSection(SolutionConfigurationPlatforms) = preSolution
		Debug|Any CPU = Debug|Any CPU
		Release|Any CPU = Release|Any CPU
	EndGlobalSection
	GlobalSection(ProjectConfigurationPlatforms) = postSolution
		{D3C80D87-E262-45DA-845B-585396B0B0DE}.Debug|Any CPU.ActiveCfg = Debug|Any CPU
		{D3C80D87-E262-45DA-845B-585396B0B0DE}.Debug|Any CPU.Build.0 = Debug|Any CPU
		{D3C80D87-E262-45DA-845B-585396B0B0DE}.Release|Any CPU.ActiveCfg = Release|Any CPU
		{D3C80D87-E262-45DA-845B-585396B0B0DE}.Release|Any CPU.Build.0 = Release|Any CPU
		{3C65BBD6-3449-42A3-9E8E-6D4F9D04BC19}.Debug|Any CPU.ActiveCfg = Debug|Any CPU
		{3C65BBD6-3449-42A3-9E8E-6D4F9D04BC19}.Debug|Any CPU.Build.0 = Debug|Any CPU
		{3C65BBD6-3449-42A3-9E8E-6D4F9D04BC19}.Release|Any CPU.ActiveCfg = Release|Any CPU
		{3C65BBD6-3449-42A3-9E8E-6D4F9D04BC19}.Release|Any CPU.Build.0 = Release|Any CPU
		{0950EC81-1804-4B1F-84AA-EB2FEFD42B57}.Debug|Any CPU.ActiveCfg = Debug|Any CPU
		{0950EC81-1804-4B1F-84AA-EB2FEFD42B57}.Debug|Any CPU.Build.0 = Debug|Any CPU
		{0950EC81-1804-4B1F-84AA-EB2FEFD42B57}.Release|Any CPU.ActiveCfg = Release|Any CPU
		{0950EC81-1804-4B1F-84AA-EB2FEFD42B57}.Release|Any CPU.Build.0 = Release|Any CPU
		{68CBB43C-1747-4373-B5B5-0974CE024765}.Debug|Any CPU.ActiveCfg = Debug|Any CPU
		{68CBB43C-1747-4373-B5B5-0974CE024765}.Debug|Any CPU.Build.0 = Debug|Any CPU
		{68CBB43C-1747-4373-B5B5-0974CE024765}.Release|Any CPU.ActiveCfg = Release|Any CPU
		{68CBB43C-1747-4373-B5B5-0974CE024765}.Release|Any CPU.Build.0 = Release|Any CPU
		{FE9D5CBF-12E0-48FB-9707-DBCB3D518086}.Debug|Any CPU.ActiveCfg = Debug|Any CPU
		{FE9D5CBF-12E0-48FB-9707-DBCB3D518086}.Debug|Any CPU.Build.0 = Debug|Any CPU
		{FE9D5CBF-12E0-48FB-9707-DBCB3D518086}.Release|Any CPU.ActiveCfg = Release|Any CPU
		{FE9D5CBF-12E0-48FB-9707-DBCB3D518086}.Release|Any CPU.Build.0 = Release|Any CPU
		{954C83F5-0C5C-4B23-BC40-D32A0DB76714}.Debug|Any CPU.ActiveCfg = Debug|Any CPU
		{954C83F5-0C5C-4B23-BC40-D32A0DB76714}.Debug|Any CPU.Build.0 = Debug|Any CPU
		{954C83F5-0C5C-4B23-BC40-D32A0DB76714}.Release|Any CPU.ActiveCfg = Release|Any CPU
		{954C83F5-0C5C-4B23-BC40-D32A0DB76714}.Release|Any CPU.Build.0 = Release|Any CPU
		{A8722C95-A32D-4CC3-A2BD-638E7AA3BC2D}.Debug|Any CPU.ActiveCfg = Debug|Any CPU
		{A8722C95-A32D-4CC3-A2BD-638E7AA3BC2D}.Debug|Any CPU.Build.0 = Debug|Any CPU
		{A8722C95-A32D-4CC3-A2BD-638E7AA3BC2D}.Release|Any CPU.ActiveCfg = Release|Any CPU
		{A8722C95-A32D-4CC3-A2BD-638E7AA3BC2D}.Release|Any CPU.Build.0 = Release|Any CPU
	EndGlobalSection
	GlobalSection(SolutionProperties) = preSolution
		HideSolutionNode = FALSE
	EndGlobalSection
	GlobalSection(NestedProjects) = preSolution
		{3C65BBD6-3449-42A3-9E8E-6D4F9D04BC19} = {E3356DCD-68F3-481C-BCBD-2A62504CF706}
		{0950EC81-1804-4B1F-84AA-EB2FEFD42B57} = {E3356DCD-68F3-481C-BCBD-2A62504CF706}
		{A18FBEEB-CC4B-456B-91EC-099A644243FF} = {C336E3D6-6293-4AB2-A9F5-E488B3D22594}
		{96CAE133-1D7F-40DA-806D-A907BF327DFC} = {C336E3D6-6293-4AB2-A9F5-E488B3D22594}
		{68CBB43C-1747-4373-B5B5-0974CE024765} = {96CAE133-1D7F-40DA-806D-A907BF327DFC}
		{FE9D5CBF-12E0-48FB-9707-DBCB3D518086} = {96CAE133-1D7F-40DA-806D-A907BF327DFC}
		{954C83F5-0C5C-4B23-BC40-D32A0DB76714} = {C336E3D6-6293-4AB2-A9F5-E488B3D22594}
		{A8722C95-A32D-4CC3-A2BD-638E7AA3BC2D} = {E3356DCD-68F3-481C-BCBD-2A62504CF706}
	EndGlobalSection
	GlobalSection(ExtensibilityGlobals) = postSolution
		SolutionGuid = {8F41A050-C5E5-4A00-9343-77FF9E452608}
	EndGlobalSection
EndGlobal
